{
  "name": "gulp-pathway",
  "version": "2.1.0",
  "lockfileVersion": 1,
  "requires": true,
  "dependencies": {
    "ansi-regex": {
      "version": "2.1.1",
      "resolved": "https://artifactory.zymeworks.com:443/api/npm/npm/ansi-regex/-/ansi-regex-2.1.1.tgz",
      "integrity": "sha1-w7M6te42DYbg5ijwRorn7yfWVN8="
    },
    "ansi-styles": {
      "version": "2.2.1",
      "resolved": "https://artifactory.zymeworks.com:443/api/npm/npm/ansi-styles/-/ansi-styles-2.2.1.tgz",
      "integrity": "sha1-tDLdM1i2NM914eRmQ2gkBTPB3b4="
    },
    "array-differ": {
      "version": "1.0.0",
      "resolved": "https://artifactory.zymeworks.com:443/api/npm/npm/array-differ/-/array-differ-1.0.0.tgz",
      "integrity": "sha1-7/UuN1gknTO+QCuLuOVkuytdQDE="
    },
    "array-uniq": {
      "version": "1.0.3",
      "resolved": "https://artifactory.zymeworks.com:443/api/npm/npm/array-uniq/-/array-uniq-1.0.3.tgz",
      "integrity": "sha1-r2rId6Jcx/dOBYiUdThY39sk/bY="
    },
    "beeper": {
      "version": "1.1.1",
      "resolved": "https://artifactory.zymeworks.com:443/api/npm/npm/beeper/-/beeper-1.1.1.tgz",
      "integrity": "sha1-5tXqjF2tABMEpwsiY4RH9pyy+Ak="
    },
    "chalk": {
      "version": "1.1.3",
      "resolved": "https://artifactory.zymeworks.com:443/api/npm/npm/chalk/-/chalk-1.1.3.tgz",
      "integrity": "sha1-qBFcVeSnAv5NFQq9OHKCKn4J/Jg=",
      "requires": {
        "ansi-styles": "2.2.1",
        "escape-string-regexp": "1.0.5",
        "has-ansi": "2.0.0",
        "strip-ansi": "3.0.1",
        "supports-color": "2.0.0"
      }
    },
    "clone": {
      "version": "1.0.3",
      "resolved": "https://artifactory.zymeworks.com:443/api/npm/npm/clone/-/clone-1.0.3.tgz",
      "integrity": "sha1-KY1+IjFmD0DAA8LtMUDezz9TCF8="
    },
    "clone-stats": {
      "version": "0.0.1",
      "resolved": "https://artifactory.zymeworks.com:443/api/npm/npm/clone-stats/-/clone-stats-0.0.1.tgz",
      "integrity": "sha1-uI+UqCzzi4eR1YBG6kAprYjKmdE="
    },
    "commander": {
      "version": "2.3.0",
      "resolved": "https://artifactory.zymeworks.com:443/api/npm/npm/commander/-/commander-2.3.0.tgz",
      "integrity": "sha1-/UMOiJgy7DU7ms0d4hfBHLPu+HM=",
      "dev": true
    },
    "core-util-is": {
      "version": "1.0.2",
      "resolved": "https://artifactory.zymeworks.com:443/api/npm/npm/core-util-is/-/core-util-is-1.0.2.tgz",
      "integrity": "sha1-tf1UIgqivFq1eqtxQMlAdUUDwac="
    },
    "dateformat": {
      "version": "2.2.0",
      "resolved": "https://artifactory.zymeworks.com:443/api/npm/npm/dateformat/-/dateformat-2.2.0.tgz",
      "integrity": "sha1-QGXiATz5+5Ft39gu+1Bq1MZ2kGI="
    },
    "debug": {
      "version": "2.2.0",
      "resolved": "https://artifactory.zymeworks.com:443/api/npm/npm/debug/-/debug-2.2.0.tgz",
      "integrity": "sha1-+HBX6ZWxofauaklgZkE3vFbwOdo=",
      "dev": true,
      "requires": {
        "ms": "0.7.1"
      }
    },
    "diff": {
      "version": "1.4.0",
      "resolved": "https://artifactory.zymeworks.com:443/api/npm/npm/diff/-/diff-1.4.0.tgz",
      "integrity": "sha1-fyjS657nsVqX79ic5j3P2qPMur8=",
      "dev": true
    },
    "duplexer2": {
      "version": "0.0.2",
      "resolved": "https://artifactory.zymeworks.com:443/api/npm/npm/duplexer2/-/duplexer2-0.0.2.tgz",
      "integrity": "sha1-xhTc9n4vsUmVqRcR5aYX6KYKMds=",
      "requires": {
        "readable-stream": "1.1.14"
      }
    },
    "ejs": {
      "version": "2.5.5",
      "resolved": "https://artifactory.zymeworks.com:443/api/npm/npm/ejs/-/ejs-2.5.5.tgz",
      "integrity": "sha1-bvTpVOp9z1T2aq0v56pCGTLZ7Xc="
    },
    "escape-string-regexp": {
      "version": "1.0.5",
      "resolved": "https://artifactory.zymeworks.com:443/api/npm/npm/escape-string-regexp/-/escape-string-regexp-1.0.5.tgz",
      "integrity": "sha1-G2HAViGQqN/2rjuyzwIAyhMLhtQ="
    },
    "escope": {
      "version": "1.0.3",
      "resolved": "https://artifactory.zymeworks.com:443/api/npm/npm/escope/-/escope-1.0.3.tgz",
      "integrity": "sha1-dZ3OhJbEJI/sLQyq9BCLzz8af10=",
      "requires": {
        "estraverse": "2.0.0"
      }
    },
    "esprima": {
      "version": "1.2.5",
      "resolved": "https://artifactory.zymeworks.com:443/api/npm/npm/esprima/-/esprima-1.2.5.tgz",
      "integrity": "sha1-CZNQL+r2aBODJXVvMPmlH+7sEek="
    },
    "estraverse": {
      "version": "2.0.0",
      "resolved": "https://artifactory.zymeworks.com:443/api/npm/npm/estraverse/-/estraverse-2.0.0.tgz",
      "integrity": "sha1-WuRpYyQ2ACBmdMyySgnhZnT83KE="
    },
    "fancy-log": {
      "version": "1.3.0",
      "resolved": "https://artifactory.zymeworks.com:443/api/npm/npm/fancy-log/-/fancy-log-1.3.0.tgz",
      "integrity": "sha1-Rb4X0Cu5kX1gzP/UmVyZnmyMmUg=",
      "requires": {
        "chalk": "1.1.3",
        "time-stamp": "1.1.0"
      }
    },
    "formatio": {
      "version": "1.1.1",
      "resolved": "https://artifactory.zymeworks.com:443/api/npm/npm/formatio/-/formatio-1.1.1.tgz",
      "integrity": "sha1-XtPM1jZVEJc4NGXZlhmRAOhhYek=",
      "dev": true,
      "requires": {
        "samsam": "1.1.2"
      }
    },
    "glob": {
      "version": "3.2.11",
      "resolved": "https://artifactory.zymeworks.com:443/api/npm/npm/glob/-/glob-3.2.11.tgz",
      "integrity": "sha1-Spc/Y1uRkPcV0QmH1cAP0oFevj0=",
      "dev": true,
      "requires": {
        "inherits": "2.0.3",
        "minimatch": "0.3.0"
      }
    },
    "glogg": {
      "version": "1.0.0",
      "resolved": "https://artifactory.zymeworks.com:443/api/npm/npm/glogg/-/glogg-1.0.0.tgz",
      "integrity": "sha1-f+DxmfV6yQbPUS/urY+Q7kooT8U=",
      "requires": {
        "sparkles": "1.0.0"
      }
    },
    "growl": {
      "version": "1.9.2",
      "resolved": "https://artifactory.zymeworks.com:443/api/npm/npm/growl/-/growl-1.9.2.tgz",
      "integrity": "sha1-Dqd0NxXbjY3ixe3hd14bRayFwC8=",
      "dev": true
    },
    "gulp-util": {
      "version": "3.0.8",
      "resolved": "https://artifactory.zymeworks.com:443/api/npm/npm/gulp-util/-/gulp-util-3.0.8.tgz",
      "integrity": "sha1-AFTh50RQLifATBh8PsxQXdVLu08=",
      "requires": {
        "array-differ": "1.0.0",
        "array-uniq": "1.0.3",
        "beeper": "1.1.1",
        "chalk": "1.1.3",
        "dateformat": "2.2.0",
        "fancy-log": "1.3.0",
        "gulplog": "1.0.0",
        "has-gulplog": "0.1.0",
        "lodash._reescape": "3.0.0",
        "lodash._reevaluate": "3.0.0",
        "lodash._reinterpolate": "3.0.0",
        "lodash.template": "3.6.2",
        "minimist": "1.2.0",
        "multipipe": "0.1.2",
        "object-assign": "3.0.0",
        "replace-ext": "0.0.1",
        "through2": "2.0.3",
        "vinyl": "0.5.3"
      },
      "dependencies": {
        "isarray": {
          "version": "1.0.0",
          "resolved": "https://artifactory.zymeworks.com:443/api/npm/npm/isarray/-/isarray-1.0.0.tgz",
          "integrity": "sha1-u5NdSFgsuhaMBoNJV6VKPgcSTxE="
        },
        "readable-stream": {
          "version": "2.3.3",
          "resolved": "https://artifactory.zymeworks.com:443/api/npm/npm/readable-stream/-/readable-stream-2.3.3.tgz",
          "integrity": "sha1-No8lEtefnUb9/HE0mueHi7weuVw=",
          "requires": {
            "core-util-is": "1.0.2",
            "inherits": "2.0.3",
            "isarray": "1.0.0",
            "process-nextick-args": "1.0.7",
            "safe-buffer": "5.1.1",
            "string_decoder": "1.0.3",
            "util-deprecate": "1.0.2"
          }
        },
        "string_decoder": {
          "version": "1.0.3",
          "resolved": "https://artifactory.zymeworks.com:443/api/npm/npm/string_decoder/-/string_decoder-1.0.3.tgz",
          "integrity": "sha1-D8Z9fBQYJd6UKC3VNr7GubzoYKs=",
          "requires": {
            "safe-buffer": "5.1.1"
          }
        },
        "through2": {
          "version": "2.0.3",
          "resolved": "https://artifactory.zymeworks.com:443/api/npm/npm/through2/-/through2-2.0.3.tgz",
          "integrity": "sha1-AARWmzfHx0ujnEPzzteNGtlBQL4=",
          "requires": {
            "readable-stream": "2.3.3",
            "xtend": "4.0.1"
          }
        }
      }
    },
    "gulplog": {
      "version": "1.0.0",
      "resolved": "https://artifactory.zymeworks.com:443/api/npm/npm/gulplog/-/gulplog-1.0.0.tgz",
      "integrity": "sha1-4oxNRdBey77YGDY86PnFkmIp/+U=",
      "requires": {
        "glogg": "1.0.0"
      }
    },
    "has-ansi": {
      "version": "2.0.0",
      "resolved": "https://artifactory.zymeworks.com:443/api/npm/npm/has-ansi/-/has-ansi-2.0.0.tgz",
      "integrity": "sha1-NPUEnOHs3ysGSa8+8k5F7TVBbZE=",
      "requires": {
        "ansi-regex": "2.1.1"
      }
    },
    "has-gulplog": {
      "version": "0.1.0",
      "resolved": "https://artifactory.zymeworks.com:443/api/npm/npm/has-gulplog/-/has-gulplog-0.1.0.tgz",
      "integrity": "sha1-ZBTIKRNpfaUVkDl9r7EvIpZ4Ec4=",
      "requires": {
        "sparkles": "1.0.0"
      }
    },
    "inherits": {
      "version": "2.0.3",
      "resolved": "https://artifactory.zymeworks.com:443/api/npm/npm/inherits/-/inherits-2.0.3.tgz",
      "integrity": "sha1-Yzwsg+PaQqUC9SRmAiSA9CCCYd4="
    },
    "isarray": {
      "version": "0.0.1",
      "resolved": "https://artifactory.zymeworks.com:443/api/npm/npm/isarray/-/isarray-0.0.1.tgz",
      "integrity": "sha1-ihis/Kmo9Bd+Cav8YDiTmwXR7t8="
    },
    "jade": {
      "version": "0.26.3",
      "resolved": "https://artifactory.zymeworks.com:443/api/npm/npm/jade/-/jade-0.26.3.tgz",
      "integrity": "sha1-jxDXl32NefL2/4YqgbBRPMslaGw=",
      "dev": true,
      "requires": {
        "commander": "0.6.1",
        "mkdirp": "0.3.0"
      },
      "dependencies": {
        "commander": {
          "version": "0.6.1",
          "resolved": "https://artifactory.zymeworks.com:443/api/npm/npm/commander/-/commander-0.6.1.tgz",
          "integrity": "sha1-+mihT2qUXVTbvlDYzbMyDp47GgY=",
          "dev": true
        },
        "mkdirp": {
          "version": "0.3.0",
          "resolved": "https://artifactory.zymeworks.com:443/api/npm/npm/mkdirp/-/mkdirp-0.3.0.tgz",
          "integrity": "sha1-G79asbqCevI1dRQ0kEJkVfSB/h4=",
          "dev": true
        }
      }
    },
    "lodash._basecopy": {
      "version": "3.0.1",
      "resolved": "https://artifactory.zymeworks.com:443/api/npm/npm/lodash._basecopy/-/lodash._basecopy-3.0.1.tgz",
      "integrity": "sha1-jaDmqHbPNEwK2KVIghEd08XHyjY="
    },
    "lodash._basetostring": {
      "version": "3.0.1",
      "resolved": "https://artifactory.zymeworks.com:443/api/npm/npm/lodash._basetostring/-/lodash._basetostring-3.0.1.tgz",
      "integrity": "sha1-0YYdh3+CSlL2aYMtyvPuFVZqB9U="
    },
    "lodash._basevalues": {
      "version": "3.0.0",
      "resolved": "https://artifactory.zymeworks.com:443/api/npm/npm/lodash._basevalues/-/lodash._basevalues-3.0.0.tgz",
      "integrity": "sha1-W3dXYoAr3j0yl1A+JjAIIP32Ybc="
    },
    "lodash._getnative": {
      "version": "3.9.1",
      "resolved": "https://artifactory.zymeworks.com:443/api/npm/npm/lodash._getnative/-/lodash._getnative-3.9.1.tgz",
      "integrity": "sha1-VwvH3t5G1hzc3mh9ZdPuy6o6r/U="
    },
    "lodash._isiterateecall": {
      "version": "3.0.9",
      "resolved": "https://artifactory.zymeworks.com:443/api/npm/npm/lodash._isiterateecall/-/lodash._isiterateecall-3.0.9.tgz",
      "integrity": "sha1-UgOte6Ql+uhCRg5pbbnPPmqsBXw="
    },
    "lodash._reescape": {
      "version": "3.0.0",
      "resolved": "https://artifactory.zymeworks.com:443/api/npm/npm/lodash._reescape/-/lodash._reescape-3.0.0.tgz",
      "integrity": "sha1-Kx1vXf4HyKNVdT5fJ/rH8c3hYWo="
    },
    "lodash._reevaluate": {
      "version": "3.0.0",
      "resolved": "https://artifactory.zymeworks.com:443/api/npm/npm/lodash._reevaluate/-/lodash._reevaluate-3.0.0.tgz",
      "integrity": "sha1-WLx0xAZklTrgsSTYBpltrKQx4u0="
    },
    "lodash._reinterpolate": {
      "version": "3.0.0",
      "resolved": "https://artifactory.zymeworks.com:443/api/npm/npm/lodash._reinterpolate/-/lodash._reinterpolate-3.0.0.tgz",
      "integrity": "sha1-DM8tiRZq8Ds2Y8eWU4t1rG4RTZ0="
    },
    "lodash._root": {
      "version": "3.0.1",
      "resolved": "https://artifactory.zymeworks.com:443/api/npm/npm/lodash._root/-/lodash._root-3.0.1.tgz",
      "integrity": "sha1-+6HEUkwZ7ppfgTa0YJ8BfPTe1pI="
    },
    "lodash.escape": {
      "version": "3.2.0",
      "resolved": "https://artifactory.zymeworks.com:443/api/npm/npm/lodash.escape/-/lodash.escape-3.2.0.tgz",
      "integrity": "sha1-mV7g3BjBtIzJLv+ucaEKq1tIdpg=",
      "requires": {
        "lodash._root": "3.0.1"
      }
    },
    "lodash.isarguments": {
      "version": "3.1.0",
      "resolved": "https://artifactory.zymeworks.com:443/api/npm/npm/lodash.isarguments/-/lodash.isarguments-3.1.0.tgz",
      "integrity": "sha1-L1c9hcaiQon/AGY7SRwdM4/zRYo="
    },
    "lodash.isarray": {
      "version": "3.0.4",
      "resolved": "https://artifactory.zymeworks.com:443/api/npm/npm/lodash.isarray/-/lodash.isarray-3.0.4.tgz",
      "integrity": "sha1-eeTriMNqgSKvhvhEqpvNhRtfu1U="
    },
    "lodash.keys": {
      "version": "3.1.2",
      "resolved": "https://artifactory.zymeworks.com:443/api/npm/npm/lodash.keys/-/lodash.keys-3.1.2.tgz",
      "integrity": "sha1-TbwEcrFWvlCgsoaFXRvQsMZWCYo=",
      "requires": {
        "lodash._getnative": "3.9.1",
        "lodash.isarguments": "3.1.0",
        "lodash.isarray": "3.0.4"
      }
    },
    "lodash.restparam": {
      "version": "3.6.1",
      "resolved": "https://artifactory.zymeworks.com:443/api/npm/npm/lodash.restparam/-/lodash.restparam-3.6.1.tgz",
      "integrity": "sha1-k2pOMJ7zMKdkXtQUWYbIWuWyCAU="
    },
    "lodash.template": {
      "version": "3.6.2",
      "resolved": "https://artifactory.zymeworks.com:443/api/npm/npm/lodash.template/-/lodash.template-3.6.2.tgz",
      "integrity": "sha1-+M3sxhaaJVvpCYrosMU9N4kx0U8=",
      "requires": {
        "lodash._basecopy": "3.0.1",
        "lodash._basetostring": "3.0.1",
        "lodash._basevalues": "3.0.0",
        "lodash._isiterateecall": "3.0.9",
        "lodash._reinterpolate": "3.0.0",
        "lodash.escape": "3.2.0",
        "lodash.keys": "3.1.2",
        "lodash.restparam": "3.6.1",
        "lodash.templatesettings": "3.1.1"
      }
    },
    "lodash.templatesettings": {
      "version": "3.1.1",
      "resolved": "https://artifactory.zymeworks.com:443/api/npm/npm/lodash.templatesettings/-/lodash.templatesettings-3.1.1.tgz",
      "integrity": "sha1-+zB4RHU7Zrnxr6VOJix0UwfbqOU=",
      "requires": {
        "lodash._reinterpolate": "3.0.0",
        "lodash.escape": "3.2.0"
      }
    },
    "lolex": {
      "version": "1.3.2",
      "resolved": "https://artifactory.zymeworks.com:443/api/npm/npm/lolex/-/lolex-1.3.2.tgz",
      "integrity": "sha1-fD2mL/yzDw9agKJWbKJORdigHzE=",
      "dev": true
    },
    "lru-cache": {
      "version": "2.7.3",
      "resolved": "https://artifactory.zymeworks.com:443/api/npm/npm/lru-cache/-/lru-cache-2.7.3.tgz",
      "integrity": "sha1-bUUk6LlV+V1PW1iFHOId1y+06VI=",
      "dev": true
    },
    "minimatch": {
      "version": "0.3.0",
      "resolved": "https://artifactory.zymeworks.com:443/api/npm/npm/minimatch/-/minimatch-0.3.0.tgz",
      "integrity": "sha1-J12O2qxPG7MyZHIInnlJyDlGmd0=",
      "dev": true,
      "requires": {
        "lru-cache": "2.7.3",
        "sigmund": "1.0.1"
      }
    },
    "minimist": {
      "version": "1.2.0",
      "resolved": "https://artifactory.zymeworks.com:443/api/npm/npm/minimist/-/minimist-1.2.0.tgz",
      "integrity": "sha1-o1AIsg9BOD7sH7kU9M1d95omQoQ="
    },
    "mkdirp": {
      "version": "0.5.1",
      "resolved": "https://artifactory.zymeworks.com:443/api/npm/npm/mkdirp/-/mkdirp-0.5.1.tgz",
      "integrity": "sha1-MAV0OOrGz3+MR2fzhkjWaX11yQM=",
      "dev": true,
      "requires": {
        "minimist": "0.0.8"
      },
      "dependencies": {
        "minimist": {
          "version": "0.0.8",
          "resolved": "https://artifactory.zymeworks.com:443/api/npm/npm/minimist/-/minimist-0.0.8.tgz",
          "integrity": "sha1-hX/Kv8M5fSYluCKCYuhqp6ARsF0=",
          "dev": true
        }
      }
    },
    "mocha": {
      "version": "2.5.3",
      "resolved": "https://artifactory.zymeworks.com:443/api/npm/npm/mocha/-/mocha-2.5.3.tgz",
      "integrity": "sha1-FhvlvetJZ3HrmzV0UFC2IrWu/Fg=",
      "dev": true,
      "requires": {
        "commander": "2.3.0",
        "debug": "2.2.0",
        "diff": "1.4.0",
        "escape-string-regexp": "1.0.2",
        "glob": "3.2.11",
        "growl": "1.9.2",
        "jade": "0.26.3",
        "mkdirp": "0.5.1",
        "supports-color": "1.2.0",
        "to-iso-string": "0.0.2"
      },
      "dependencies": {
        "escape-string-regexp": {
          "version": "1.0.2",
          "resolved": "https://artifactory.zymeworks.com:443/api/npm/npm/escape-string-regexp/-/escape-string-regexp-1.0.2.tgz",
          "integrity": "sha1-Tbwv5nTnGUnK8/smlc5/LcHZqNE=",
          "dev": true
        },
        "supports-color": {
          "version": "1.2.0",
          "resolved": "https://artifactory.zymeworks.com:443/api/npm/npm/supports-color/-/supports-color-1.2.0.tgz",
          "integrity": "sha1-/x7R5hFp0Gs88tWI4YixjYhH4X4=",
          "dev": true
        }
      }
    },
    "ms": {
      "version": "0.7.1",
      "resolved": "https://artifactory.zymeworks.com:443/api/npm/npm/ms/-/ms-0.7.1.tgz",
      "integrity": "sha1-nNE8A62/8ltl7/3nzoZO6VIBcJg=",
      "dev": true
    },
    "multipipe": {
      "version": "0.1.2",
      "resolved": "https://artifactory.zymeworks.com:443/api/npm/npm/multipipe/-/multipipe-0.1.2.tgz",
      "integrity": "sha1-Ko8t33Du1WTf8tV/HhoTfZ8FB4s=",
      "requires": {
        "duplexer2": "0.0.2"
      }
    },
    "object-assign": {
      "version": "3.0.0",
      "resolved": "https://artifactory.zymeworks.com:443/api/npm/npm/object-assign/-/object-assign-3.0.0.tgz",
      "integrity": "sha1-m+3VygiXlJvKR+f/QIBi1Un1h/I="
    },
    "process-nextick-args": {
      "version": "1.0.7",
      "resolved": "https://artifactory.zymeworks.com:443/api/npm/npm/process-nextick-args/-/process-nextick-args-1.0.7.tgz",
      "integrity": "sha1-FQ4gt1ZZCtP5EJPyWk8q2L/zC6M="
    },
    "readable-stream": {
      "version": "1.1.14",
      "resolved": "https://artifactory.zymeworks.com:443/api/npm/npm/readable-stream/-/readable-stream-1.1.14.tgz",
      "integrity": "sha1-fPTFTvZI44EwhMY23SB54WbAgdk=",
      "requires": {
        "core-util-is": "1.0.2",
        "inherits": "2.0.3",
        "isarray": "0.0.1",
        "string_decoder": "0.10.31"
      }
    },
    "replace-ext": {
      "version": "0.0.1",
      "resolved": "https://artifactory.zymeworks.com:443/api/npm/npm/replace-ext/-/replace-ext-0.0.1.tgz",
      "integrity": "sha1-KbvZIHinOfC8zitO5B6DeVNSKSQ="
    },
    "safe-buffer": {
      "version": "5.1.1",
      "resolved": "https://artifactory.zymeworks.com:443/api/npm/npm/safe-buffer/-/safe-buffer-5.1.1.tgz",
      "integrity": "sha1-iTMSr2myEj3vcfV4iQAWce6yyFM="
    },
    "samsam": {
      "version": "1.1.2",
      "resolved": "https://artifactory.zymeworks.com:443/api/npm/npm/samsam/-/samsam-1.1.2.tgz",
      "integrity": "sha1-vsEf3IOp/aBjQBIQ5AF2wwJNFWc=",
      "dev": true
    },
    "should": {
      "version": "4.6.5",
      "resolved": "https://artifactory.zymeworks.com:443/api/npm/npm/should/-/should-4.6.5.tgz",
      "integrity": "sha1-DRI0bbvRsCj59Lt6nVRzZPw2qH8=",
      "dev": true,
      "requires": {
        "should-equal": "0.3.1",
        "should-format": "0.0.7",
        "should-type": "0.0.4"
      }
    },
    "should-equal": {
      "version": "0.3.1",
      "resolved": "https://artifactory.zymeworks.com:443/api/npm/npm/should-equal/-/should-equal-0.3.1.tgz",
      "integrity": "sha1-vY6pemdI45+tR2o75v1y68LnK/A=",
      "dev": true,
      "requires": {
        "should-type": "0.0.4"
      }
    },
    "should-format": {
      "version": "0.0.7",
      "resolved": "https://artifactory.zymeworks.com:443/api/npm/npm/should-format/-/should-format-0.0.7.tgz",
      "integrity": "sha1-Hi74a9kdqcLgQSM1tWq6vZov3hI=",
      "dev": true,
      "requires": {
        "should-type": "0.0.4"
      }
    },
    "should-type": {
      "version": "0.0.4",
      "resolved": "https://artifactory.zymeworks.com:443/api/npm/npm/should-type/-/should-type-0.0.4.tgz",
      "integrity": "sha1-ATKgVBemEmhmQmrPEW8e1WI6XNA=",
      "dev": true
    },
    "sigmund": {
      "version": "1.0.1",
      "resolved": "https://artifactory.zymeworks.com:443/api/npm/npm/sigmund/-/sigmund-1.0.1.tgz",
      "integrity": "sha1-P/IfGYytIXX587eBhT/ZTQ0ZtZA=",
      "dev": true
    },
    "sinon": {
      "version": "1.17.7",
      "resolved": "https://artifactory.zymeworks.com:443/api/npm/npm/sinon/-/sinon-1.17.7.tgz",
      "integrity": "sha1-RUKk9JugxFwF6y6d2dID4rjv4L8=",
      "dev": true,
      "requires": {
        "formatio": "1.1.1",
        "lolex": "1.3.2",
        "samsam": "1.1.2",
        "util": "0.10.3"
      }
    },
    "sparkles": {
      "version": "1.0.0",
      "resolved": "https://artifactory.zymeworks.com:443/api/npm/npm/sparkles/-/sparkles-1.0.0.tgz",
      "integrity": "sha1-Gsu/tZJDbRC76PeFt8xvgoFQEsM="
    },
    "string_decoder": {
      "version": "0.10.31",
      "resolved": "https://artifactory.zymeworks.com:443/api/npm/npm/string_decoder/-/string_decoder-0.10.31.tgz",
      "integrity": "sha1-YuIDvEF2bGwoyfyEMB2rHFMQ+pQ="
    },
    "strip-ansi": {
      "version": "3.0.1",
      "resolved": "https://artifactory.zymeworks.com:443/api/npm/npm/strip-ansi/-/strip-ansi-3.0.1.tgz",
      "integrity": "sha1-ajhfuIU9lS1f8F0Oiq+UJ43GPc8=",
      "requires": {
        "ansi-regex": "2.1.1"
      }
    },
    "supports-color": {
      "version": "2.0.0",
      "resolved": "https://artifactory.zymeworks.com:443/api/npm/npm/supports-color/-/supports-color-2.0.0.tgz",
      "integrity": "sha1-U10EXOa2Nj+kARcIRimZXp3zJMc="
    },
    "through2": {
      "version": "0.6.5",
      "resolved": "https://artifactory.zymeworks.com:443/api/npm/npm/through2/-/through2-0.6.5.tgz",
      "integrity": "sha1-QaucZ7KdVyCQcUEOHXp6lozTrUg=",
      "requires": {
        "readable-stream": "1.0.34",
        "xtend": "4.0.1"
      },
      "dependencies": {
        "readable-stream": {
          "version": "1.0.34",
          "resolved": "https://artifactory.zymeworks.com:443/api/npm/npm/readable-stream/-/readable-stream-1.0.34.tgz",
          "integrity": "sha1-Elgg40vIQtLyqq+v5MKRbuMsFXw=",
          "requires": {
            "core-util-is": "1.0.2",
            "inherits": "2.0.3",
            "isarray": "0.0.1",
            "string_decoder": "0.10.31"
          }
        }
      }
    },
    "time-stamp": {
      "version": "1.1.0",
      "resolved": "https://artifactory.zymeworks.com:443/api/npm/npm/time-stamp/-/time-stamp-1.1.0.tgz",
      "integrity": "sha1-dkpaEa9QVhkhsTPztE5hhofg9cM="
    },
    "to-iso-string": {
      "version": "0.0.2",
      "resolved": "https://artifactory.zymeworks.com:443/api/npm/npm/to-iso-string/-/to-iso-string-0.0.2.tgz",
      "integrity": "sha1-TcGeZk38y+Jb2NtQiwDG2hWCVdE=",
      "dev": true
    },
    "util": {
      "version": "0.10.3",
      "resolved": "https://artifactory.zymeworks.com:443/api/npm/npm/util/-/util-0.10.3.tgz",
      "integrity": "sha1-evsa/lCAUkZInj23/g7TeTNqwPk=",
      "dev": true,
      "requires": {
        "inherits": "2.0.1"
      },
      "dependencies": {
        "inherits": {
          "version": "2.0.1",
          "resolved": "https://artifactory.zymeworks.com:443/api/npm/npm/inherits/-/inherits-2.0.1.tgz",
          "integrity": "sha1-sX0I0ya0Qj5Wjv9xn5GwscvfafE=",
          "dev": true
        }
      }
    },
    "util-deprecate": {
      "version": "1.0.2",
      "resolved": "https://artifactory.zymeworks.com:443/api/npm/npm/util-deprecate/-/util-deprecate-1.0.2.tgz",
      "integrity": "sha1-RQ1Nyfpw3nMnYvvS1KKJgUGaDM8="
    },
    "vinyl": {
      "version": "0.5.3",
      "resolved": "https://artifactory.zymeworks.com:443/api/npm/npm/vinyl/-/vinyl-0.5.3.tgz",
      "integrity": "sha1-sEVbOPxeDPMNQyUTLkYZcMIJHN4=",
      "requires": {
        "clone": "1.0.3",
        "clone-stats": "0.0.1",
        "replace-ext": "0.0.1"
      }
    },
    "xtend": {
      "version": "4.0.1",
      "resolved": "https://artifactory.zymeworks.com:443/api/npm/npm/xtend/-/xtend-4.0.1.tgz",
      "integrity": "sha1-pcbVMr5lbiPbgg77lDofBJmNY68="
    }
  }
}
